
Microsoft Visual Studio Solution File, Format Version 12.00
# Visual Studio 15
VisualStudioVersion = 15.0.28307.539
MinimumVisualStudioVersion = 10.0.40219.1
Project("{8BC9CEB8-8B4A-11D0-8D11-00A0C91BC942}") = "Escape The Labyrinth", "Escape The Labyrinth\Escape The Labyrinth.vcxproj", "{37E4B51C-D81F-4FE0-BB13-62AB3B7FB44D}"
EndProject
Global
	GlobalSection(SolutionConfigurationPlatforms) = preSolution
		Debug|x64 = Debug|x64
		Debug|x86 = Debug|x86
		Release|x64 = Release|x64
		Release|x86 = Release|x86
	EndGlobalSection
	GlobalSection(ProjectConfigurationPlatforms) = postSolution
		{37E4B51C-D81F-4FE0-BB13-62AB3B7FB44D}.Debug|x64.ActiveCfg = Debug|x64
		{37E4B51C-D81F-4FE0-BB13-62AB3B7FB44D}.Debug|x64.Build.0 = Debug|x64
		{37E4B51C-D81F-4FE0-BB13-62AB3B7FB44D}.Debug|x86.ActiveCfg = Debug|Win32
		{37E4B51C-D81F-4FE0-BB13-62AB3B7FB44D}.Debug|x86.Build.0 = Debug|Win32
		{37E4B51C-D81F-4FE0-BB13-62AB3B7FB44D}.Release|x64.ActiveCfg = Release|x64
		{37E4B51C-D81F-4FE0-BB13-62AB3B7FB44D}.Release|x64.Build.0 = Release|x64
		{37E4B51C-D81F-4FE0-BB13-62AB3B7FB44D}.Release|x86.ActiveCfg = Release|Win32
		{37E4B51C-D81F-4FE0-BB13-62AB3B7FB44D}.Release|x86.Build.0 = Release|Win32
	EndGlobalSection
	GlobalSection(SolutionProperties) = preSolution
		HideSolutionNode = FALSE
	EndGlobalSection
	GlobalSection(ExtensibilityGlobals) = postSolution
		SolutionGuid = {0F5DE0B4-C68B-4B6E-8DC9-011EA083344B}
	EndGlobalSection
EndGlobal
